
Microsoft Visual Studio Solution File, Format Version 11.00
# Visual Studio 2010
Project("{8BC9CEB8-8B4A-11D0-8D11-00A0C91BC942}") = "2-4", "2-4\2-4.vcxproj", "{4DA57E85-4836-4D9E-9D87-6844F1773FEC}"
EndProject
Global
	GlobalSection(SolutionConfigurationPlatforms) = preSolution
		Debug|Win32 = Debug|Win32
		Release|Win32 = Release|Win32
	EndGlobalSection
	GlobalSection(ProjectConfigurationPlatforms) = postSolution
		{4DA57E85-4836-4D9E-9D87-6844F1773FEC}.Debug|Win32.ActiveCfg = Debug|Win32
		{4DA57E85-4836-4D9E-9D87-6844F1773FEC}.Debug|Win32.Build.0 = Debug|Win32
		{4DA57E85-4836-4D9E-9D87-6844F1773FEC}.Release|Win32.ActiveCfg = Release|Win32
		{4DA57E85-4836-4D9E-9D87-6844F1773FEC}.Release|Win32.Build.0 = Release|Win32
	EndGlobalSection
	GlobalSection(SolutionProperties) = preSolution
		HideSolutionNode = FALSE
	EndGlobalSection
EndGlobal
